
Microsoft Visual Studio Solution File, Format Version 12.00
# Visual Studio 15
Project("{FAE04EC0-301F-11D3-BF4B-00C04F79EFBC}") = "MerryYellow.CodeAssist.Editor", "MerryYellow.CodeAssist.Editor.csproj", "{2A41A66B-D394-431F-6BF5-9B78DBAA5E40}"
EndProject
Project("{FAE04EC0-301F-11D3-BF4B-00C04F79EFBC}") = "Assembly-CSharp", "Assembly-CSharp.csproj", "{A90D5571-1D67-6408-E283-7A620BA9B63F}"
EndProject
Global
	GlobalSection(SolutionConfigurationPlatforms) = preSolution
		Debug|Any CPU = Debug|Any CPU
		Release|Any CPU = Release|Any CPU
	EndGlobalSection
	GlobalSection(ProjectConfigurationPlatforms) = postSolution
		{2A41A66B-D394-431F-6BF5-9B78DBAA5E40}.Debug|Any CPU.ActiveCfg = Debug|Any CPU
		{2A41A66B-D394-431F-6BF5-9B78DBAA5E40}.Debug|Any CPU.Build.0 = Debug|Any CPU
		{2A41A66B-D394-431F-6BF5-9B78DBAA5E40}.Release|Any CPU.ActiveCfg = Release|Any CPU
		{2A41A66B-D394-431F-6BF5-9B78DBAA5E40}.Release|Any CPU.Build.0 = Release|Any CPU
		{A90D5571-1D67-6408-E283-7A620BA9B63F}.Debug|Any CPU.ActiveCfg = Debug|Any CPU
		{A90D5571-1D67-6408-E283-7A620BA9B63F}.Debug|Any CPU.Build.0 = Debug|Any CPU
		{A90D5571-1D67-6408-E283-7A620BA9B63F}.Release|Any CPU.ActiveCfg = Release|Any CPU
		{A90D5571-1D67-6408-E283-7A620BA9B63F}.Release|Any CPU.Build.0 = Release|Any CPU
	EndGlobalSection
	GlobalSection(SolutionProperties) = preSolution
		HideSolutionNode = FALSE
	EndGlobalSection
EndGlobal
